
Microsoft Visual Studio Solution File, Format Version 12.00
# Visual Studio Version 17
VisualStudioVersion = 17.5.002.0
MinimumVisualStudioVersion = 10.0.40219.1
Project("{9A19103F-16F7-4668-BE54-9A1E7A4F7556}") = "LabToJimaku", "LabToJimaku.csproj", "{5FADB80C-F3CA-4745-A2A7-4B5EDD2D6F76}"
EndProject
Global
	GlobalSection(SolutionConfigurationPlatforms) = preSolution
		Debug|Any CPU = Debug|Any CPU
		Release|Any CPU = Release|Any CPU
	EndGlobalSection
	GlobalSection(ProjectConfigurationPlatforms) = postSolution
		{5FADB80C-F3CA-4745-A2A7-4B5EDD2D6F76}.Debug|Any CPU.ActiveCfg = Debug|Any CPU
		{5FADB80C-F3CA-4745-A2A7-4B5EDD2D6F76}.Debug|Any CPU.Build.0 = Debug|Any CPU
		{5FADB80C-F3CA-4745-A2A7-4B5EDD2D6F76}.Release|Any CPU.ActiveCfg = Release|Any CPU
		{5FADB80C-F3CA-4745-A2A7-4B5EDD2D6F76}.Release|Any CPU.Build.0 = Release|Any CPU
	EndGlobalSection
	GlobalSection(SolutionProperties) = preSolution
		HideSolutionNode = FALSE
	EndGlobalSection
	GlobalSection(ExtensibilityGlobals) = postSolution
		SolutionGuid = {7D2F404D-55E7-4AAB-8DDB-C0F1BBBC2398}
	EndGlobalSection
EndGlobal
